
Microsoft Visual Studio Solution File, Format Version 12.00
# Visual Studio Version 16
VisualStudioVersion = 16.0.32802.440
MinimumVisualStudioVersion = 10.0.40219.1
Project("{8BC9CEB8-8B4A-11D0-8D11-00A0C91BC942}") = "과제 5주차", "과제 5주차\과제 5주차.vcxproj", "{6394F9C6-4EB4-480D-BC8E-638D81E0CFC4}"
EndProject
Global
	GlobalSection(SolutionConfigurationPlatforms) = preSolution
		Debug|x64 = Debug|x64
		Debug|x86 = Debug|x86
		Release|x64 = Release|x64
		Release|x86 = Release|x86
	EndGlobalSection
	GlobalSection(ProjectConfigurationPlatforms) = postSolution
		{6394F9C6-4EB4-480D-BC8E-638D81E0CFC4}.Debug|x64.ActiveCfg = Debug|x64
		{6394F9C6-4EB4-480D-BC8E-638D81E0CFC4}.Debug|x64.Build.0 = Debug|x64
		{6394F9C6-4EB4-480D-BC8E-638D81E0CFC4}.Debug|x86.ActiveCfg = Debug|Win32
		{6394F9C6-4EB4-480D-BC8E-638D81E0CFC4}.Debug|x86.Build.0 = Debug|Win32
		{6394F9C6-4EB4-480D-BC8E-638D81E0CFC4}.Release|x64.ActiveCfg = Release|x64
		{6394F9C6-4EB4-480D-BC8E-638D81E0CFC4}.Release|x64.Build.0 = Release|x64
		{6394F9C6-4EB4-480D-BC8E-638D81E0CFC4}.Release|x86.ActiveCfg = Release|Win32
		{6394F9C6-4EB4-480D-BC8E-638D81E0CFC4}.Release|x86.Build.0 = Release|Win32
	EndGlobalSection
	GlobalSection(SolutionProperties) = preSolution
		HideSolutionNode = FALSE
	EndGlobalSection
	GlobalSection(ExtensibilityGlobals) = postSolution
		SolutionGuid = {5D7592D8-85A1-4774-A3DD-994FEC005CC0}
	EndGlobalSection
EndGlobal
